
Microsoft Visual Studio Solution File, Format Version 12.00
# Visual Studio Version 16
VisualStudioVersion = 16.0.31402.337
MinimumVisualStudioVersion = 10.0.40219.1
Project("{9A19103F-16F7-4668-BE54-9A1E7A4F7556}") = "SpotifyAnalogApp.Web", "SpotifyAnalogApp\SpotifyAnalogApp.Web.csproj", "{26419B66-F34D-45E2-B40B-AE4FE5CD7166}"
EndProject
Project("{9A19103F-16F7-4668-BE54-9A1E7A4F7556}") = "SpotifyAnalogApp.Data", "SpotifyAnalogApp.Data\SpotifyAnalogApp.Data.csproj", "{728EF57B-A894-45AE-BD1B-88E2E46F56CF}"
EndProject
Project("{9A19103F-16F7-4668-BE54-9A1E7A4F7556}") = "SpotifyAnalogApp.Business", "SpotifyAnalogApp.Business\SpotifyAnalogApp.Business.csproj", "{B3B69E96-DC18-4E63-BB5D-1F089E7A7577}"
EndProject
Project("{9A19103F-16F7-4668-BE54-9A1E7A4F7556}") = "SpotifyAnalogApp.Tests", "SpotifyAnalogApp.Tests\SpotifyAnalogApp.Tests.csproj", "{EA2E85C5-B404-48A3-9A98-D95E3D9670B6}"
EndProject
Global
	GlobalSection(SolutionConfigurationPlatforms) = preSolution
		Debug|Any CPU = Debug|Any CPU
		Release|Any CPU = Release|Any CPU
	EndGlobalSection
	GlobalSection(ProjectConfigurationPlatforms) = postSolution
		{26419B66-F34D-45E2-B40B-AE4FE5CD7166}.Debug|Any CPU.ActiveCfg = Debug|Any CPU
		{26419B66-F34D-45E2-B40B-AE4FE5CD7166}.Debug|Any CPU.Build.0 = Debug|Any CPU
		{26419B66-F34D-45E2-B40B-AE4FE5CD7166}.Release|Any CPU.ActiveCfg = Release|Any CPU
		{26419B66-F34D-45E2-B40B-AE4FE5CD7166}.Release|Any CPU.Build.0 = Release|Any CPU
		{728EF57B-A894-45AE-BD1B-88E2E46F56CF}.Debug|Any CPU.ActiveCfg = Debug|Any CPU
		{728EF57B-A894-45AE-BD1B-88E2E46F56CF}.Debug|Any CPU.Build.0 = Debug|Any CPU
		{728EF57B-A894-45AE-BD1B-88E2E46F56CF}.Release|Any CPU.ActiveCfg = Release|Any CPU
		{728EF57B-A894-45AE-BD1B-88E2E46F56CF}.Release|Any CPU.Build.0 = Release|Any CPU
		{B3B69E96-DC18-4E63-BB5D-1F089E7A7577}.Debug|Any CPU.ActiveCfg = Debug|Any CPU
		{B3B69E96-DC18-4E63-BB5D-1F089E7A7577}.Debug|Any CPU.Build.0 = Debug|Any CPU
		{B3B69E96-DC18-4E63-BB5D-1F089E7A7577}.Release|Any CPU.ActiveCfg = Release|Any CPU
		{B3B69E96-DC18-4E63-BB5D-1F089E7A7577}.Release|Any CPU.Build.0 = Release|Any CPU
		{EA2E85C5-B404-48A3-9A98-D95E3D9670B6}.Debug|Any CPU.ActiveCfg = Debug|Any CPU
		{EA2E85C5-B404-48A3-9A98-D95E3D9670B6}.Debug|Any CPU.Build.0 = Debug|Any CPU
		{EA2E85C5-B404-48A3-9A98-D95E3D9670B6}.Release|Any CPU.ActiveCfg = Release|Any CPU
		{EA2E85C5-B404-48A3-9A98-D95E3D9670B6}.Release|Any CPU.Build.0 = Release|Any CPU
	EndGlobalSection
	GlobalSection(SolutionProperties) = preSolution
		HideSolutionNode = FALSE
	EndGlobalSection
	GlobalSection(ExtensibilityGlobals) = postSolution
		SolutionGuid = {79120A81-042D-4792-A451-FE4D79BA9114}
	EndGlobalSection
EndGlobal
